// !$*UTF8*$!
{
	archiveVersion = 1;
	classes = {
	};
	objectVersion = 77;
	objects = {

/* Begin PBXBuildFile section */
		020D80B02E2CB8C6007D3452 /* Tono in Frameworks */ = {isa = PBXBuildFile; productRef = 020D80AF2E2CB8C6007D3452 /* Tono */; };
/* End PBXBuildFile section */

/* Begin PBXContainerItemProxy section */
		0242394E2E1BB3E300B13629 /* PBXContainerItemProxy */ = {
			isa = PBXContainerItemProxy;
			containerPortal = 024239342E1BB3E300B13629 /* Project object */;
			proxyType = 1;
			remoteGlobalIDString = 0242393B2E1BB3E300B13629;
			remoteInfo = tBag;
		};
		024239582E1BB3E300B13629 /* PBXContainerItemProxy */ = {
			isa = PBXContainerItemProxy;
			containerPortal = 024239342E1BB3E300B13629 /* Project object */;
			proxyType = 1;
			remoteGlobalIDString = 0242393B2E1BB3E300B13629;
			remoteInfo = tBag;
		};
/* End PBXContainerItemProxy section */

/* Begin PBXFileReference section */
		0242393C2E1BB3E300B13629 /* tBag.app */ = {isa = PBXFileReference; explicitFileType = wrapper.application; includeInIndex = 0; path = tBag.app; sourceTree = BUILT_PRODUCTS_DIR; };
		0242394D2E1BB3E300B13629 /* tBagTests.xctest */ = {isa = PBXFileReference; explicitFileType = wrapper.cfbundle; includeInIndex = 0; path = tBagTests.xctest; sourceTree = BUILT_PRODUCTS_DIR; };
		024239572E1BB3E300B13629 /* tBagUITests.xctest */ = {isa = PBXFileReference; explicitFileType = wrapper.cfbundle; includeInIndex = 0; path = tBagUITests.xctest; sourceTree = BUILT_PRODUCTS_DIR; };
/* End PBXFileReference section */

/* Begin PBXFileSystemSynchronizedBuildFileExceptionSet section */
		0242395F2E1BB3E300B13629 /* Exceptions for "tBag" folder in "tBag" target */ = {
			isa = PBXFileSystemSynchronizedBuildFileExceptionSet;
			membershipExceptions = (
				Info.plist,
			);
			target = 0242393B2E1BB3E300B13629 /* tBag */;
		};
/* End PBXFileSystemSynchronizedBuildFileExceptionSet section */

/* Begin PBXFileSystemSynchronizedRootGroup section */
		0242393E2E1BB3E300B13629 /* tBag */ = {
			isa = PBXFileSystemSynchronizedRootGroup;
			exceptions = (
				0242395F2E1BB3E300B13629 /* Exceptions for "tBag" folder in "tBag" target */,
			);
			path = tBag;
			sourceTree = "<group>";
		};
		024239502E1BB3E300B13629 /* tBagTests */ = {
			isa = PBXFileSystemSynchronizedRootGroup;
			path = tBagTests;
			sourceTree = "<group>";
		};
		0242395A2E1BB3E300B13629 /* tBagUITests */ = {
			isa = PBXFileSystemSynchronizedRootGroup;
			path = tBagUITests;
			sourceTree = "<group>";
		};
/* End PBXFileSystemSynchronizedRootGroup section */

/* Begin PBXFrameworksBuildPhase section */
		024239392E1BB3E300B13629 /* Frameworks */ = {
			isa = PBXFrameworksBuildPhase;
			buildActionMask = 2147483647;
			files = (
				020D80B02E2CB8C6007D3452 /* Tono in Frameworks */,
			);
			runOnlyForDeploymentPostprocessing = 0;
		};
		0242394A2E1BB3E300B13629 /* Frameworks */ = {
			isa = PBXFrameworksBuildPhase;
			buildActionMask = 2147483647;
			files = (
			);
			runOnlyForDeploymentPostprocessing = 0;
		};
		024239542E1BB3E300B13629 /* Frameworks */ = {
			isa = PBXFrameworksBuildPhase;
			buildActionMask = 2147483647;
			files = (
			);
			runOnlyForDeploymentPostprocessing = 0;
		};
/* End PBXFrameworksBuildPhase section */

/* Begin PBXGroup section */
		020D80AE2E2CB8C6007D3452 /* Frameworks */ = {
			isa = PBXGroup;
			children = (
			);
			name = Frameworks;
			sourceTree = "<group>";
		};
		024239332E1BB3E300B13629 = {
			isa = PBXGroup;
			children = (
				0242393E2E1BB3E300B13629 /* tBag */,
				024239502E1BB3E300B13629 /* tBagTests */,
				0242395A2E1BB3E300B13629 /* tBagUITests */,
				020D80AE2E2CB8C6007D3452 /* Frameworks */,
				0242393D2E1BB3E300B13629 /* Products */,
			);
			sourceTree = "<group>";
		};
		0242393D2E1BB3E300B13629 /* Products */ = {
			isa = PBXGroup;
			children = (
				0242393C2E1BB3E300B13629 /* tBag.app */,
				0242394D2E1BB3E300B13629 /* tBagTests.xctest */,
				024239572E1BB3E300B13629 /* tBagUITests.xctest */,
			);
			name = Products;
			sourceTree = "<group>";
		};
/* End PBXGroup section */

/* Begin PBXNativeTarget section */
		0242393B2E1BB3E300B13629 /* tBag */ = {
			isa = PBXNativeTarget;
			buildConfigurationList = 024239602E1BB3E300B13629 /* Build configuration list for PBXNativeTarget "tBag" */;
			buildPhases = (
				024239382E1BB3E300B13629 /* Sources */,
				024239392E1BB3E300B13629 /* Frameworks */,
				0242393A2E1BB3E300B13629 /* Resources */,
			);
			buildRules = (
			);
			dependencies = (
			);
			fileSystemSynchronizedGroups = (
				0242393E2E1BB3E300B13629 /* tBag */,
			);
			name = tBag;
			packageProductDependencies = (
				020D80AF2E2CB8C6007D3452 /* Tono */,
			);
			productName = tBag;
			productReference = 0242393C2E1BB3E300B13629 /* tBag.app */;
			productType = "com.apple.product-type.application";
		};
		0242394C2E1BB3E300B13629 /* tBagTests */ = {
			isa = PBXNativeTarget;
			buildConfigurationList = 024239652E1BB3E300B13629 /* Build configuration list for PBXNativeTarget "tBagTests" */;
			buildPhases = (
				024239492E1BB3E300B13629 /* Sources */,
				0242394A2E1BB3E300B13629 /* Frameworks */,
				0242394B2E1BB3E300B13629 /* Resources */,
			);
			buildRules = (
			);
			dependencies = (
				0242394F2E1BB3E300B13629 /* PBXTargetDependency */,
			);
			fileSystemSynchronizedGroups = (
				024239502E1BB3E300B13629 /* tBagTests */,
			);
			name = tBagTests;
			packageProductDependencies = (
			);
			productName = tBagTests;
			productReference = 0242394D2E1BB3E300B13629 /* tBagTests.xctest */;
			productType = "com.apple.product-type.bundle.unit-test";
		};
		024239562E1BB3E300B13629 /* tBagUITests */ = {
			isa = PBXNativeTarget;
			buildConfigurationList = 024239682E1BB3E300B13629 /* Build configuration list for PBXNativeTarget "tBagUITests" */;
			buildPhases = (
				024239532E1BB3E300B13629 /* Sources */,
				024239542E1BB3E300B13629 /* Frameworks */,
				024239552E1BB3E300B13629 /* Resources */,
			);
			buildRules = (
			);
			dependencies = (
				024239592E1BB3E300B13629 /* PBXTargetDependency */,
			);
			fileSystemSynchronizedGroups = (
				0242395A2E1BB3E300B13629 /* tBagUITests */,
			);
			name = tBagUITests;
			packageProductDependencies = (
			);
			productName = tBagUITests;
			productReference = 024239572E1BB3E300B13629 /* tBagUITests.xctest */;
			productType = "com.apple.product-type.bundle.ui-testing";
		};
/* End PBXNativeTarget section */

/* Begin PBXProject section */
		024239342E1BB3E300B13629 /* Project object */ = {
			isa = PBXProject;
			attributes = {
				BuildIndependentTargetsInParallel = 1;
				LastSwiftUpdateCheck = 1640;
				LastUpgradeCheck = 1640;
				TargetAttributes = {
					0242393B2E1BB3E300B13629 = {
						CreatedOnToolsVersion = 16.4;
					};
					0242394C2E1BB3E300B13629 = {
						CreatedOnToolsVersion = 16.4;
						TestTargetID = 0242393B2E1BB3E300B13629;
					};
					024239562E1BB3E300B13629 = {
						CreatedOnToolsVersion = 16.4;
						TestTargetID = 0242393B2E1BB3E300B13629;
					};
				};
			};
			buildConfigurationList = 024239372E1BB3E300B13629 /* Build configuration list for PBXProject "tBag" */;
			developmentRegion = en;
			hasScannedForEncodings = 0;
			knownRegions = (
				en,
				Base,
			);
			mainGroup = 024239332E1BB3E300B13629;
			minimizedProjectReferenceProxies = 1;
			packageReferences = (
				020D80AD2E2CB826007D3452 /* XCRemoteSwiftPackageReference "TonoSwift" */,
			);
			preferredProjectObjectVersion = 77;
			productRefGroup = 0242393D2E1BB3E300B13629 /* Products */;
			projectDirPath = "";
			projectRoot = "";
			targets = (
				0242393B2E1BB3E300B13629 /* tBag */,
				0242394C2E1BB3E300B13629 /* tBagTests */,
				024239562E1BB3E300B13629 /* tBagUITests */,
			);
		};
/* End PBXProject section */

/* Begin PBXResourcesBuildPhase section */
		0242393A2E1BB3E300B13629 /* Resources */ = {
			isa = PBXResourcesBuildPhase;
			buildActionMask = 2147483647;
			files = (
			);
			runOnlyForDeploymentPostprocessing = 0;
		};
		0242394B2E1BB3E300B13629 /* Resources */ = {
			isa = PBXResourcesBuildPhase;
			buildActionMask = 2147483647;
			files = (
			);
			runOnlyForDeploymentPostprocessing = 0;
		};
		024239552E1BB3E300B13629 /* Resources */ = {
			isa = PBXResourcesBuildPhase;
			buildActionMask = 2147483647;
			files = (
			);
			runOnlyForDeploymentPostprocessing = 0;
		};
/* End PBXResourcesBuildPhase section */

/* Begin PBXSourcesBuildPhase section */
		024239382E1BB3E300B13629 /* Sources */ = {
			isa = PBXSourcesBuildPhase;
			buildActionMask = 2147483647;
			files = (
			);
			runOnlyForDeploymentPostprocessing = 0;
		};
		024239492E1BB3E300B13629 /* Sources */ = {
			isa = PBXSourcesBuildPhase;
			buildActionMask = 2147483647;
			files = (
			);
			runOnlyForDeploymentPostprocessing = 0;
		};
		024239532E1BB3E300B13629 /* Sources */ = {
			isa = PBXSourcesBuildPhase;
			buildActionMask = 2147483647;
			files = (
			);
			runOnlyForDeploymentPostprocessing = 0;
		};
/* End PBXSourcesBuildPhase section */

/* Begin PBXTargetDependency section */
		0242394F2E1BB3E300B13629 /* PBXTargetDependency */ = {
			isa = PBXTargetDependency;
			target = 0242393B2E1BB3E300B13629 /* tBag */;
			targetProxy = 0242394E2E1BB3E300B13629 /* PBXContainerItemProxy */;
		};
		024239592E1BB3E300B13629 /* PBXTargetDependency */ = {
			isa = PBXTargetDependency;
			target = 0242393B2E1BB3E300B13629 /* tBag */;
			targetProxy = 024239582E1BB3E300B13629 /* PBXContainerItemProxy */;
		};
/* End PBXTargetDependency section */

/* Begin XCBuildConfiguration section */
		024239612E1BB3E300B13629 /* Debug */ = {
			isa = XCBuildConfiguration;
			buildSettings = {
				ASSETCATALOG_COMPILER_APPICON_NAME = AppIcon;
				ASSETCATALOG_COMPILER_GLOBAL_ACCENT_COLOR_NAME = AccentColor;
				CODE_SIGN_ENTITLEMENTS = tBag/tBag.entitlements;
				CODE_SIGN_STYLE = Automatic;
				CURRENT_PROJECT_VERSION = 1;
				DEVELOPMENT_TEAM = 42235ECE62;
				ENABLE_PREVIEWS = YES;
				GENERATE_INFOPLIST_FILE = YES;
				INFOPLIST_FILE = tBag/Info.plist;
				INFOPLIST_KEY_UIApplicationSceneManifest_Generation = YES;
				INFOPLIST_KEY_UIApplicationSupportsIndirectInputEvents = YES;
				INFOPLIST_KEY_UILaunchScreen_Generation = YES;
				INFOPLIST_KEY_UISupportedInterfaceOrientations_iPad = "UIInterfaceOrientationPortrait UIInterfaceOrientationPortraitUpsideDown UIInterfaceOrientationLandscapeLeft UIInterfaceOrientationLandscapeRight";
				INFOPLIST_KEY_UISupportedInterfaceOrientations_iPhone = "UIInterfaceOrientationPortrait UIInterfaceOrientationLandscapeLeft UIInterfaceOrientationLandscapeRight";
				LD_RUNPATH_SEARCH_PATHS = (
					"$(inherited)",
					"@executable_path/Frameworks",
				);
				MARKETING_VERSION = 1.0;
				PRODUCT_BUNDLE_IDENTIFIER = com.tomarika.tBag;
				PRODUCT_NAME = "$(TARGET_NAME)";
				SWIFT_EMIT_LOC_STRINGS = YES;
				SWIFT_VERSION = 5.0;
				TARGETED_DEVICE_FAMILY = "1,2";
			};
			name = Debug;
		};
		024239622E1BB3E300B13629 /* Release */ = {
			isa = XCBuildConfiguration;
			buildSettings = {
				ASSETCATALOG_COMPILER_APPICON_NAME = AppIcon;
				ASSETCATALOG_COMPILER_GLOBAL_ACCENT_COLOR_NAME = AccentColor;
				CODE_SIGN_ENTITLEMENTS = tBag/tBag.entitlements;
				CODE_SIGN_STYLE = Automatic;
				CURRENT_PROJECT_VERSION = 1;
				DEVELOPMENT_TEAM = 42235ECE62;
				ENABLE_PREVIEWS = YES;
				GENERATE_INFOPLIST_FILE = YES;
				INFOPLIST_FILE = tBag/Info.plist;
				INFOPLIST_KEY_UIApplicationSceneManifest_Generation = YES;
				INFOPLIST_KEY_UIApplicationSupportsIndirectInputEvents = YES;
				INFOPLIST_KEY_UILaunchScreen_Generation = YES;
				INFOPLIST_KEY_UISupportedInterfaceOrientations_iPad = "UIInterfaceOrientationPortrait UIInterfaceOrientationPortraitUpsideDown UIInterfaceOrientationLandscapeLeft UIInterfaceOrientationLandscapeRight";
				INFOPLIST_KEY_UISupportedInterfaceOrientations_iPhone = "UIInterfaceOrientationPortrait UIInterfaceOrientationLandscapeLeft UIInterfaceOrientationLandscapeRight";
				LD_RUNPATH_SEARCH_PATHS = (
					"$(inherited)",
					"@executable_path/Frameworks",
				);
				MARKETING_VERSION = 1.0;
				PRODUCT_BUNDLE_IDENTIFIER = com.tomarika.tBag;
				PRODUCT_NAME = "$(TARGET_NAME)";
				SWIFT_EMIT_LOC_STRINGS = YES;
				SWIFT_VERSION = 5.0;
				TARGETED_DEVICE_FAMILY = "1,2";
			};
			name = Release;
		};
		024239632E1BB3E300B13629 /* Debug */ = {
			isa = XCBuildConfiguration;
			buildSettings = {
				ALWAYS_SEARCH_USER_PATHS = NO;
				ASSETCATALOG_COMPILER_GENERATE_SWIFT_ASSET_SYMBOL_EXTENSIONS = YES;
				CLANG_ANALYZER_NONNULL = YES;
				CLANG_ANALYZER_NUMBER_OBJECT_CONVERSION = YES_AGGRESSIVE;
				CLANG_CXX_LANGUAGE_STANDARD = "gnu++20";
				CLANG_ENABLE_MODULES = YES;
				CLANG_ENABLE_OBJC_ARC = YES;
				CLANG_ENABLE_OBJC_WEAK = YES;
				CLANG_WARN_BLOCK_CAPTURE_AUTORELEASING = YES;
				CLANG_WARN_BOOL_CONVERSION = YES;
				CLANG_WARN_COMMA = YES;
				CLANG_WARN_CONSTANT_CONVERSION = YES;
				CLANG_WARN_DEPRECATED_OBJC_IMPLEMENTATIONS = YES;
				CLANG_WARN_DIRECT_OBJC_ISA_USAGE = YES_ERROR;
				CLANG_WARN_DOCUMENTATION_COMMENTS = YES;
				CLANG_WARN_EMPTY_BODY = YES;
				CLANG_WARN_ENUM_CONVERSION = YES;
				CLANG_WARN_INFINITE_RECURSION = YES;
				CLANG_WARN_INT_CONVERSION = YES;
				CLANG_WARN_NON_LITERAL_NULL_CONVERSION = YES;
				CLANG_WARN_OBJC_IMPLICIT_RETAIN_SELF = YES;
				CLANG_WARN_OBJC_LITERAL_CONVERSION = YES;
				CLANG_WARN_OBJC_ROOT_CLASS = YES_ERROR;
				CLANG_WARN_QUOTED_INCLUDE_IN_FRAMEWORK_HEADER = YES;
				CLANG_WARN_RANGE_LOOP_ANALYSIS = YES;
				CLANG_WARN_STRICT_PROTOTYPES = YES;
				CLANG_WARN_SUSPICIOUS_MOVE = YES;
				CLANG_WARN_UNGUARDED_AVAILABILITY = YES_AGGRESSIVE;
				CLANG_WARN_UNREACHABLE_CODE = YES;
				CLANG_WARN__DUPLICATE_METHOD_MATCH = YES;
				COPY_PHASE_STRIP = NO;
				DEBUG_INFORMATION_FORMAT = dwarf;
				DEVELOPMENT_TEAM = 42235ECE62;
				ENABLE_STRICT_OBJC_MSGSEND = YES;
				ENABLE_TESTABILITY = YES;
				ENABLE_USER_SCRIPT_SANDBOXING = YES;
				GCC_C_LANGUAGE_STANDARD = gnu17;
				GCC_DYNAMIC_NO_PIC = NO;
				GCC_NO_COMMON_BLOCKS = YES;
				GCC_OPTIMIZATION_LEVEL = 0;
				GCC_PREPROCESSOR_DEFINITIONS = (
					"DEBUG=1",
					"$(inherited)",
				);
				GCC_WARN_64_TO_32_BIT_CONVERSION = YES;
				GCC_WARN_ABOUT_RETURN_TYPE = YES_ERROR;
				GCC_WARN_UNDECLARED_SELECTOR = YES;
				GCC_WARN_UNINITIALIZED_AUTOS = YES_AGGRESSIVE;
				GCC_WARN_UNUSED_FUNCTION = YES;
				GCC_WARN_UNUSED_VARIABLE = YES;
				IPHONEOS_DEPLOYMENT_TARGET = 18.5;
				LOCALIZATION_PREFERS_STRING_CATALOGS = YES;
				MTL_ENABLE_DEBUG_INFO = INCLUDE_SOURCE;
				MTL_FAST_MATH = YES;
				ONLY_ACTIVE_ARCH = YES;
				SDKROOT = iphoneos;
				SWIFT_ACTIVE_COMPILATION_CONDITIONS = "DEBUG $(inherited)";
				SWIFT_OPTIMIZATION_LEVEL = "-Onone";
			};
			name = Debug;
		};
		024239642E1BB3E300B13629 /* Release */ = {
			isa = XCBuildConfiguration;
			buildSettings = {
				ALWAYS_SEARCH_USER_PATHS = NO;
				ASSETCATALOG_COMPILER_GENERATE_SWIFT_ASSET_SYMBOL_EXTENSIONS = YES;
				CLANG_ANALYZER_NONNULL = YES;
				CLANG_ANALYZER_NUMBER_OBJECT_CONVERSION = YES_AGGRESSIVE;
				CLANG_CXX_LANGUAGE_STANDARD = "gnu++20";
				CLANG_ENABLE_MODULES = YES;
				CLANG_ENABLE_OBJC_ARC = YES;
				CLANG_ENABLE_OBJC_WEAK = YES;
				CLANG_WARN_BLOCK_CAPTURE_AUTORELEASING = YES;
				CLANG_WARN_BOOL_CONVERSION = YES;
				CLANG_WARN_COMMA = YES;
				CLANG_WARN_CONSTANT_CONVERSION = YES;
				CLANG_WARN_DEPRECATED_OBJC_IMPLEMENTATIONS = YES;
				CLANG_WARN_DIRECT_OBJC_ISA_USAGE = YES_ERROR;
				CLANG_WARN_DOCUMENTATION_COMMENTS = YES;
				CLANG_WARN_EMPTY_BODY = YES;
				CLANG_WARN_ENUM_CONVERSION = YES;
				CLANG_WARN_INFINITE_RECURSION = YES;
				CLANG_WARN_INT_CONVERSION = YES;
				CLANG_WARN_NON_LITERAL_NULL_CONVERSION = YES;
				CLANG_WARN_OBJC_IMPLICIT_RETAIN_SELF = YES;
				CLANG_WARN_OBJC_LITERAL_CONVERSION = YES;
				CLANG_WARN_OBJC_ROOT_CLASS = YES_ERROR;
				CLANG_WARN_QUOTED_INCLUDE_IN_FRAMEWORK_HEADER = YES;
				CLANG_WARN_RANGE_LOOP_ANALYSIS = YES;
				CLANG_WARN_STRICT_PROTOTYPES = YES;
				CLANG_WARN_SUSPICIOUS_MOVE = YES;
				CLANG_WARN_UNGUARDED_AVAILABILITY = YES_AGGRESSIVE;
				CLANG_WARN_UNREACHABLE_CODE = YES;
				CLANG_WARN__DUPLICATE_METHOD_MATCH = YES;
				COPY_PHASE_STRIP = NO;
				DEBUG_INFORMATION_FORMAT = "dwarf-with-dsym";
				DEVELOPMENT_TEAM = 42235ECE62;
				ENABLE_NS_ASSERTIONS = NO;
				ENABLE_STRICT_OBJC_MSGSEND = YES;
				ENABLE_USER_SCRIPT_SANDBOXING = YES;
				GCC_C_LANGUAGE_STANDARD = gnu17;
				GCC_NO_COMMON_BLOCKS = YES;
				GCC_WARN_64_TO_32_BIT_CONVERSION = YES;
				GCC_WARN_ABOUT_RETURN_TYPE = YES_ERROR;
				GCC_WARN_UNDECLARED_SELECTOR = YES;
				GCC_WARN_UNINITIALIZED_AUTOS = YES_AGGRESSIVE;
				GCC_WARN_UNUSED_FUNCTION = YES;
				GCC_WARN_UNUSED_VARIABLE = YES;
				IPHONEOS_DEPLOYMENT_TARGET = 18.5;
				LOCALIZATION_PREFERS_STRING_CATALOGS = YES;
				MTL_ENABLE_DEBUG_INFO = NO;
				MTL_FAST_MATH = YES;
				SDKROOT = iphoneos;
				SWIFT_COMPILATION_MODE = wholemodule;
				VALIDATE_PRODUCT = YES;
			};
			name = Release;
		};
		024239662E1BB3E300B13629 /* Debug */ = {
			isa = XCBuildConfiguration;
			buildSettings = {
				BUNDLE_LOADER = "$(TEST_HOST)";
				CODE_SIGN_STYLE = Automatic;
				CURRENT_PROJECT_VERSION = 1;
				DEVELOPMENT_TEAM = 42235ECE62;
				GENERATE_INFOPLIST_FILE = YES;
				IPHONEOS_DEPLOYMENT_TARGET = 18.5;
				MARKETING_VERSION = 1.0;
				PRODUCT_BUNDLE_IDENTIFIER = com.tomarika.tBagTests;
				PRODUCT_NAME = "$(TARGET_NAME)";
				SWIFT_EMIT_LOC_STRINGS = NO;
				SWIFT_VERSION = 5.0;
				TARGETED_DEVICE_FAMILY = "1,2";
				TEST_HOST = "$(BUILT_PRODUCTS_DIR)/tBag.app/$(BUNDLE_EXECUTABLE_FOLDER_PATH)/tBag";
			};
			name = Debug;
		};
		024239672E1BB3E300B13629 /* Release */ = {
			isa = XCBuildConfiguration;
			buildSettings = {
				BUNDLE_LOADER = "$(TEST_HOST)";
				CODE_SIGN_STYLE = Automatic;
				CURRENT_PROJECT_VERSION = 1;
				DEVELOPMENT_TEAM = 42235ECE62;
				GENERATE_INFOPLIST_FILE = YES;
				IPHONEOS_DEPLOYMENT_TARGET = 18.5;
				MARKETING_VERSION = 1.0;
				PRODUCT_BUNDLE_IDENTIFIER = com.tomarika.tBagTests;
				PRODUCT_NAME = "$(TARGET_NAME)";
				SWIFT_EMIT_LOC_STRINGS = NO;
				SWIFT_VERSION = 5.0;
				TARGETED_DEVICE_FAMILY = "1,2";
				TEST_HOST = "$(BUILT_PRODUCTS_DIR)/tBag.app/$(BUNDLE_EXECUTABLE_FOLDER_PATH)/tBag";
			};
			name = Release;
		};
		024239692E1BB3E300B13629 /* Debug */ = {
			isa = XCBuildConfiguration;
			buildSettings = {
				CODE_SIGN_STYLE = Automatic;
				CURRENT_PROJECT_VERSION = 1;
				DEVELOPMENT_TEAM = 42235ECE62;
				GENERATE_INFOPLIST_FILE = YES;
				MARKETING_VERSION = 1.0;
				PRODUCT_BUNDLE_IDENTIFIER = com.tomarika.tBagUITests;
				PRODUCT_NAME = "$(TARGET_NAME)";
				SWIFT_EMIT_LOC_STRINGS = NO;
				SWIFT_VERSION = 5.0;
				TARGETED_DEVICE_FAMILY = "1,2";
				TEST_TARGET_NAME = tBag;
			};
			name = Debug;
		};
		0242396A2E1BB3E300B13629 /* Release */ = {
			isa = XCBuildConfiguration;
			buildSettings = {
				CODE_SIGN_STYLE = Automatic;
				CURRENT_PROJECT_VERSION = 1;
				DEVELOPMENT_TEAM = 42235ECE62;
				GENERATE_INFOPLIST_FILE = YES;
				MARKETING_VERSION = 1.0;
				PRODUCT_BUNDLE_IDENTIFIER = com.tomarika.tBagUITests;
				PRODUCT_NAME = "$(TARGET_NAME)";
				SWIFT_EMIT_LOC_STRINGS = NO;
				SWIFT_VERSION = 5.0;
				TARGETED_DEVICE_FAMILY = "1,2";
				TEST_TARGET_NAME = tBag;
			};
			name = Release;
		};
/* End XCBuildConfiguration section */

/* Begin XCConfigurationList section */
		024239372E1BB3E300B13629 /* Build configuration list for PBXProject "tBag" */ = {
			isa = XCConfigurationList;
			buildConfigurations = (
				024239632E1BB3E300B13629 /* Debug */,
				024239642E1BB3E300B13629 /* Release */,
			);
			defaultConfigurationIsVisible = 0;
			defaultConfigurationName = Release;
		};
		024239602E1BB3E300B13629 /* Build configuration list for PBXNativeTarget "tBag" */ = {
			isa = XCConfigurationList;
			buildConfigurations = (
				024239612E1BB3E300B13629 /* Debug */,
				024239622E1BB3E300B13629 /* Release */,
			);
			defaultConfigurationIsVisible = 0;
			defaultConfigurationName = Release;
		};
		024239652E1BB3E300B13629 /* Build configuration list for PBXNativeTarget "tBagTests" */ = {
			isa = XCConfigurationList;
			buildConfigurations = (
				024239662E1BB3E300B13629 /* Debug */,
				024239672E1BB3E300B13629 /* Release */,
			);
			defaultConfigurationIsVisible = 0;
			defaultConfigurationName = Release;
		};
		024239682E1BB3E300B13629 /* Build configuration list for PBXNativeTarget "tBagUITests" */ = {
			isa = XCConfigurationList;
			buildConfigurations = (
				024239692E1BB3E300B13629 /* Debug */,
				0242396A2E1BB3E300B13629 /* Release */,
			);
			defaultConfigurationIsVisible = 0;
			defaultConfigurationName = Release;
		};
/* End XCConfigurationList section */

/* Begin XCRemoteSwiftPackageReference section */
		020D80AD2E2CB826007D3452 /* XCRemoteSwiftPackageReference "TonoSwift" */ = {
			isa = XCRemoteSwiftPackageReference;
			repositoryURL = "https://github.com/mtonosaki/TonoSwift";
			requirement = {
				branch = main;
				kind = branch;
			};
		};
/* End XCRemoteSwiftPackageReference section */

/* Begin XCSwiftPackageProductDependency section */
		020D80AF2E2CB8C6007D3452 /* Tono */ = {
			isa = XCSwiftPackageProductDependency;
			package = 020D80AD2E2CB826007D3452 /* XCRemoteSwiftPackageReference "TonoSwift" */;
			productName = Tono;
		};
/* End XCSwiftPackageProductDependency section */
	};
	rootObject = 024239342E1BB3E300B13629 /* Project object */;
}
